// !$*UTF8*$!
{
	archiveVersion = 1;
	classes = {
	};
	objectVersion = 50;
	objects = {

/* Begin PBXBuildFile section */
		B64856A82330D3FC00788AEF /* AppDelegate.m in Sources */ = {isa = PBXBuildFile; fileRef = B64856A72330D3FC00788AEF /* AppDelegate.m */; };
		B64856AB2330D3FC00788AEF /* ViewController.m in Sources */ = {isa = PBXBuildFile; fileRef = B64856AA2330D3FC00788AEF /* ViewController.m */; };
		B64856AE2330D3FC00788AEF /* Main.storyboard in Resources */ = {isa = PBXBuildFile; fileRef = B64856AC2330D3FC00788AEF /* Main.storyboard */; };
		B64856B02330D3FE00788AEF /* Assets.xcassets in Resources */ = {isa = PBXBuildFile; fileRef = B64856AF2330D3FE00788AEF /* Assets.xcassets */; };
		B64856B32330D3FE00788AEF /* LaunchScreen.storyboard in Resources */ = {isa = PBXBuildFile; fileRef = B64856B12330D3FE00788AEF /* LaunchScreen.storyboard */; };
		B64856B62330D3FE00788AEF /* main.m in Sources */ = {isa = PBXBuildFile; fileRef = B64856B52330D3FE00788AEF /* main.m */; };
		B64856BE2330D44500788AEF /* BulletView.m in Sources */ = {isa = PBXBuildFile; fileRef = B64856BD2330D44500788AEF /* BulletView.m */; };
		B64856C12330D4A600788AEF /* BulletManager.m in Sources */ = {isa = PBXBuildFile; fileRef = B64856C02330D4A600788AEF /* BulletManager.m */; };
/* End PBXBuildFile section */

/* Begin PBXFileReference section */
		B64856A32330D3FC00788AEF /* CommentDemo.app */ = {isa = PBXFileReference; explicitFileType = wrapper.application; includeInIndex = 0; path = CommentDemo.app; sourceTree = BUILT_PRODUCTS_DIR; };
		B64856A62330D3FC00788AEF /* AppDelegate.h */ = {isa = PBXFileReference; lastKnownFileType = sourcecode.c.h; path = AppDelegate.h; sourceTree = "<group>"; };
		B64856A72330D3FC00788AEF /* AppDelegate.m */ = {isa = PBXFileReference; lastKnownFileType = sourcecode.c.objc; path = AppDelegate.m; sourceTree = "<group>"; };
		B64856A92330D3FC00788AEF /* ViewController.h */ = {isa = PBXFileReference; lastKnownFileType = sourcecode.c.h; path = ViewController.h; sourceTree = "<group>"; };
		B64856AA2330D3FC00788AEF /* ViewController.m */ = {isa = PBXFileReference; lastKnownFileType = sourcecode.c.objc; path = ViewController.m; sourceTree = "<group>"; };
		B64856AD2330D3FC00788AEF /* Base */ = {isa = PBXFileReference; lastKnownFileType = file.storyboard; name = Base; path = Base.lproj/Main.storyboard; sourceTree = "<group>"; };
		B64856AF2330D3FE00788AEF /* Assets.xcassets */ = {isa = PBXFileReference; lastKnownFileType = folder.assetcatalog; path = Assets.xcassets; sourceTree = "<group>"; };
		B64856B22330D3FE00788AEF /* Base */ = {isa = PBXFileReference; lastKnownFileType = file.storyboard; name = Base; path = Base.lproj/LaunchScreen.storyboard; sourceTree = "<group>"; };
		B64856B42330D3FE00788AEF /* Info.plist */ = {isa = PBXFileReference; lastKnownFileType = text.plist.xml; path = Info.plist; sourceTree = "<group>"; };
		B64856B52330D3FE00788AEF /* main.m */ = {isa = PBXFileReference; lastKnownFileType = sourcecode.c.objc; path = main.m; sourceTree = "<group>"; };
		B64856BC2330D44500788AEF /* BulletView.h */ = {isa = PBXFileReference; lastKnownFileType = sourcecode.c.h; path = BulletView.h; sourceTree = "<group>"; };
		B64856BD2330D44500788AEF /* BulletView.m */ = {isa = PBXFileReference; lastKnownFileType = sourcecode.c.objc; path = BulletView.m; sourceTree = "<group>"; };
		B64856BF2330D4A600788AEF /* BulletManager.h */ = {isa = PBXFileReference; lastKnownFileType = sourcecode.c.h; path = BulletManager.h; sourceTree = "<group>"; };
		B64856C02330D4A600788AEF /* BulletManager.m */ = {isa = PBXFileReference; lastKnownFileType = sourcecode.c.objc; path = BulletManager.m; sourceTree = "<group>"; };
/* End PBXFileReference section */

/* Begin PBXFrameworksBuildPhase section */
		B64856A02330D3FC00788AEF /* Frameworks */ = {
			isa = PBXFrameworksBuildPhase;
			buildActionMask = 2147483647;
			files = (
			);
			runOnlyForDeploymentPostprocessing = 0;
		};
/* End PBXFrameworksBuildPhase section */

/* Begin PBXGroup section */
		B648569A2330D3FC00788AEF = {
			isa = PBXGroup;
			children = (
				B64856A52330D3FC00788AEF /* CommentDemo */,
				B64856A42330D3FC00788AEF /* Products */,
			);
			sourceTree = "<group>";
		};
		B64856A42330D3FC00788AEF /* Products */ = {
			isa = PBXGroup;
			children = (
				B64856A32330D3FC00788AEF /* CommentDemo.app */,
			);
			name = Products;
			sourceTree = "<group>";
		};
		B64856A52330D3FC00788AEF /* CommentDemo */ = {
			isa = PBXGroup;
			children = (
				B64856A62330D3FC00788AEF /* AppDelegate.h */,
				B64856A72330D3FC00788AEF /* AppDelegate.m */,
				B64856A92330D3FC00788AEF /* ViewController.h */,
				B64856AA2330D3FC00788AEF /* ViewController.m */,
				B64856AC2330D3FC00788AEF /* Main.storyboard */,
				B64856AF2330D3FE00788AEF /* Assets.xcassets */,
				B64856B12330D3FE00788AEF /* LaunchScreen.storyboard */,
				B64856B42330D3FE00788AEF /* Info.plist */,
				B64856B52330D3FE00788AEF /* main.m */,
				B64856BC2330D44500788AEF /* BulletView.h */,
				B64856BD2330D44500788AEF /* BulletView.m */,
				B64856BF2330D4A600788AEF /* BulletManager.h */,
				B64856C02330D4A600788AEF /* BulletManager.m */,
			);
			path = CommentDemo;
			sourceTree = "<group>";
		};
/* End PBXGroup section */

/* Begin PBXNativeTarget section */
		B64856A22330D3FC00788AEF /* CommentDemo */ = {
			isa = PBXNativeTarget;
			buildConfigurationList = B64856B92330D3FE00788AEF /* Build configuration list for PBXNativeTarget "CommentDemo" */;
			buildPhases = (
				B648569F2330D3FC00788AEF /* Sources */,
				B64856A02330D3FC00788AEF /* Frameworks */,
				B64856A12330D3FC00788AEF /* Resources */,
			);
			buildRules = (
			);
			dependencies = (
			);
			name = CommentDemo;
			productName = CommentDemo;
			productReference = B64856A32330D3FC00788AEF /* CommentDemo.app */;
			productType = "com.apple.product-type.application";
		};
/* End PBXNativeTarget section */

/* Begin PBXProject section */
		B648569B2330D3FC00788AEF /* Project object */ = {
			isa = PBXProject;
			attributes = {
				LastUpgradeCheck = 1030;
				ORGANIZATIONNAME = "许明洋";
				TargetAttributes = {
					B64856A22330D3FC00788AEF = {
						CreatedOnToolsVersion = 10.3;
					};
				};
			};
			buildConfigurationList = B648569E2330D3FC00788AEF /* Build configuration list for PBXProject "CommentDemo" */;
			compatibilityVersion = "Xcode 9.3";
			developmentRegion = en;
			hasScannedForEncodings = 0;
			knownRegions = (
				en,
				Base,
			);
			mainGroup = B648569A2330D3FC00788AEF;
			productRefGroup = B64856A42330D3FC00788AEF /* Products */;
			projectDirPath = "";
			projectRoot = "";
			targets = (
				B64856A22330D3FC00788AEF /* CommentDemo */,
			);
		};
/* End PBXProject section */

/* Begin PBXResourcesBuildPhase section */
		B64856A12330D3FC00788AEF /* Resources */ = {
			isa = PBXResourcesBuildPhase;
			buildActionMask = 2147483647;
			files = (
				B64856B32330D3FE00788AEF /* LaunchScreen.storyboard in Resources */,
				B64856B02330D3FE00788AEF /* Assets.xcassets in Resources */,
				B64856AE2330D3FC00788AEF /* Main.storyboard in Resources */,
			);
			runOnlyForDeploymentPostprocessing = 0;
		};
/* End PBXResourcesBuildPhase section */

/* Begin PBXSourcesBuildPhase section */
		B648569F2330D3FC00788AEF /* Sources */ = {
			isa = PBXSourcesBuildPhase;
			buildActionMask = 2147483647;
			files = (
				B64856AB2330D3FC00788AEF /* ViewController.m in Sources */,
				B64856B62330D3FE00788AEF /* main.m in Sources */,
				B64856BE2330D44500788AEF /* BulletView.m in Sources */,
				B64856A82330D3FC00788AEF /* AppDelegate.m in Sources */,
				B64856C12330D4A600788AEF /* BulletManager.m in Sources */,
			);
			runOnlyForDeploymentPostprocessing = 0;
		};
/* End PBXSourcesBuildPhase section */

/* Begin PBXVariantGroup section */
		B64856AC2330D3FC00788AEF /* Main.storyboard */ = {
			isa = PBXVariantGroup;
			children = (
				B64856AD2330D3FC00788AEF /* Base */,
			);
			name = Main.storyboard;
			sourceTree = "<group>";
		};
		B64856B12330D3FE00788AEF /* LaunchScreen.storyboard */ = {
			isa = PBXVariantGroup;
			children = (
				B64856B22330D3FE00788AEF /* Base */,
			);
			name = LaunchScreen.storyboard;
			sourceTree = "<group>";
		};
/* End PBXVariantGroup section */

/* Begin XCBuildConfiguration section */
		B64856B72330D3FE00788AEF /* Debug */ = {
			isa = XCBuildConfiguration;
			buildSettings = {
				ALWAYS_SEARCH_USER_PATHS = NO;
				CLANG_ANALYZER_NONNULL = YES;
				CLANG_ANALYZER_NUMBER_OBJECT_CONVERSION = YES_AGGRESSIVE;
				CLANG_CXX_LANGUAGE_STANDARD = "gnu++14";
				CLANG_CXX_LIBRARY = "libc++";
				CLANG_ENABLE_MODULES = YES;
				CLANG_ENABLE_OBJC_ARC = YES;
				CLANG_ENABLE_OBJC_WEAK = YES;
				CLANG_WARN_BLOCK_CAPTURE_AUTORELEASING = YES;
				CLANG_WARN_BOOL_CONVERSION = YES;
				CLANG_WARN_COMMA = YES;
				CLANG_WARN_CONSTANT_CONVERSION = YES;
				CLANG_WARN_DEPRECATED_OBJC_IMPLEMENTATIONS = YES;
				CLANG_WARN_DIRECT_OBJC_ISA_USAGE = YES_ERROR;
				CLANG_WARN_DOCUMENTATION_COMMENTS = YES;
				CLANG_WARN_EMPTY_BODY = YES;
				CLANG_WARN_ENUM_CONVERSION = YES;
				CLANG_WARN_INFINITE_RECURSION = YES;
				CLANG_WARN_INT_CONVERSION = YES;
				CLANG_WARN_NON_LITERAL_NULL_CONVERSION = YES;
				CLANG_WARN_OBJC_IMPLICIT_RETAIN_SELF = YES;
				CLANG_WARN_OBJC_LITERAL_CONVERSION = YES;
				CLANG_WARN_OBJC_ROOT_CLASS = YES_ERROR;
				CLANG_WARN_RANGE_LOOP_ANALYSIS = YES;
				CLANG_WARN_STRICT_PROTOTYPES = YES;
				CLANG_WARN_SUSPICIOUS_MOVE = YES;
				CLANG_WARN_UNGUARDED_AVAILABILITY = YES_AGGRESSIVE;
				CLANG_WARN_UNREACHABLE_CODE = YES;
				CLANG_WARN__DUPLICATE_METHOD_MATCH = YES;
				CODE_SIGN_IDENTITY = "iPhone Developer";
				COPY_PHASE_STRIP = NO;
				DEBUG_INFORMATION_FORMAT = dwarf;
				ENABLE_STRICT_OBJC_MSGSEND = YES;
				ENABLE_TESTABILITY = YES;
				GCC_C_LANGUAGE_STANDARD = gnu11;
				GCC_DYNAMIC_NO_PIC = NO;
				GCC_NO_COMMON_BLOCKS = YES;
				GCC_OPTIMIZATION_LEVEL = 0;
				GCC_PREPROCESSOR_DEFINITIONS = (
					"DEBUG=1",
					"$(inherited)",
				);
				GCC_WARN_64_TO_32_BIT_CONVERSION = YES;
				GCC_WARN_ABOUT_RETURN_TYPE = YES_ERROR;
				GCC_WARN_UNDECLARED_SELECTOR = YES;
				GCC_WARN_UNINITIALIZED_AUTOS = YES_AGGRESSIVE;
				GCC_WARN_UNUSED_FUNCTION = YES;
				GCC_WARN_UNUSED_VARIABLE = YES;
				IPHONEOS_DEPLOYMENT_TARGET = 12.4;
				MTL_ENABLE_DEBUG_INFO = INCLUDE_SOURCE;
				MTL_FAST_MATH = YES;
				ONLY_ACTIVE_ARCH = YES;
				SDKROOT = iphoneos;
			};
			name = Debug;
		};
		B64856B82330D3FE00788AEF /* Release */ = {
			isa = XCBuildConfiguration;
			buildSettings = {
				ALWAYS_SEARCH_USER_PATHS = NO;
				CLANG_ANALYZER_NONNULL = YES;
				CLANG_ANALYZER_NUMBER_OBJECT_CONVERSION = YES_AGGRESSIVE;
				CLANG_CXX_LANGUAGE_STANDARD = "gnu++14";
				CLANG_CXX_LIBRARY = "libc++";
				CLANG_ENABLE_MODULES = YES;
				CLANG_ENABLE_OBJC_ARC = YES;
				CLANG_ENABLE_OBJC_WEAK = YES;
				CLANG_WARN_BLOCK_CAPTURE_AUTORELEASING = YES;
				CLANG_WARN_BOOL_CONVERSION = YES;
				CLANG_WARN_COMMA = YES;
				CLANG_WARN_CONSTANT_CONVERSION = YES;
				CLANG_WARN_DEPRECATED_OBJC_IMPLEMENTATIONS = YES;
				CLANG_WARN_DIRECT_OBJC_ISA_USAGE = YES_ERROR;
				CLANG_WARN_DOCUMENTATION_COMMENTS = YES;
				CLANG_WARN_EMPTY_BODY = YES;
				CLANG_WARN_ENUM_CONVERSION = YES;
				CLANG_WARN_INFINITE_RECURSION = YES;
				CLANG_WARN_INT_CONVERSION = YES;
				CLANG_WARN_NON_LITERAL_NULL_CONVERSION = YES;
				CLANG_WARN_OBJC_IMPLICIT_RETAIN_SELF = YES;
				CLANG_WARN_OBJC_LITERAL_CONVERSION = YES;
				CLANG_WARN_OBJC_ROOT_CLASS = YES_ERROR;
				CLANG_WARN_RANGE_LOOP_ANALYSIS = YES;
				CLANG_WARN_STRICT_PROTOTYPES = YES;
				CLANG_WARN_SUSPICIOUS_MOVE = YES;
				CLANG_WARN_UNGUARDED_AVAILABILITY = YES_AGGRESSIVE;
				CLANG_WARN_UNREACHABLE_CODE = YES;
				CLANG_WARN__DUPLICATE_METHOD_MATCH = YES;
				CODE_SIGN_IDENTITY = "iPhone Developer";
				COPY_PHASE_STRIP = NO;
				DEBUG_INFORMATION_FORMAT = "dwarf-with-dsym";
				ENABLE_NS_ASSERTIONS = NO;
				ENABLE_STRICT_OBJC_MSGSEND = YES;
				GCC_C_LANGUAGE_STANDARD = gnu11;
				GCC_NO_COMMON_BLOCKS = YES;
				GCC_WARN_64_TO_32_BIT_CONVERSION = YES;
				GCC_WARN_ABOUT_RETURN_TYPE = YES_ERROR;
				GCC_WARN_UNDECLARED_SELECTOR = YES;
				GCC_WARN_UNINITIALIZED_AUTOS = YES_AGGRESSIVE;
				GCC_WARN_UNUSED_FUNCTION = YES;
				GCC_WARN_UNUSED_VARIABLE = YES;
				IPHONEOS_DEPLOYMENT_TARGET = 12.4;
				MTL_ENABLE_DEBUG_INFO = NO;
				MTL_FAST_MATH = YES;
				SDKROOT = iphoneos;
				VALIDATE_PRODUCT = YES;
			};
			name = Release;
		};
		B64856BA2330D3FE00788AEF /* Debug */ = {
			isa = XCBuildConfiguration;
			buildSettings = {
				ASSETCATALOG_COMPILER_APPICON_NAME = AppIcon;
				CODE_SIGN_STYLE = Automatic;
				DEVELOPMENT_TEAM = NC2M6D7A5Q;
				INFOPLIST_FILE = CommentDemo/Info.plist;
				LD_RUNPATH_SEARCH_PATHS = (
					"$(inherited)",
					"@executable_path/Frameworks",
				);
				PRODUCT_BUNDLE_IDENTIFIER = com.greatyun.CommentDemo;
				PRODUCT_NAME = "$(TARGET_NAME)";
				TARGETED_DEVICE_FAMILY = "1,2";
			};
			name = Debug;
		};
		B64856BB2330D3FE00788AEF /* Release */ = {
			isa = XCBuildConfiguration;
			buildSettings = {
				ASSETCATALOG_COMPILER_APPICON_NAME = AppIcon;
				CODE_SIGN_STYLE = Automatic;
				DEVELOPMENT_TEAM = NC2M6D7A5Q;
				INFOPLIST_FILE = CommentDemo/Info.plist;
				LD_RUNPATH_SEARCH_PATHS = (
					"$(inherited)",
					"@executable_path/Frameworks",
				);
				PRODUCT_BUNDLE_IDENTIFIER = com.greatyun.CommentDemo;
				PRODUCT_NAME = "$(TARGET_NAME)";
				TARGETED_DEVICE_FAMILY = "1,2";
			};
			name = Release;
		};
/* End XCBuildConfiguration section */

/* Begin XCConfigurationList section */
		B648569E2330D3FC00788AEF /* Build configuration list for PBXProject "CommentDemo" */ = {
			isa = XCConfigurationList;
			buildConfigurations = (
				B64856B72330D3FE00788AEF /* Debug */,
				B64856B82330D3FE00788AEF /* Release */,
			);
			defaultConfigurationIsVisible = 0;
			defaultConfigurationName = Release;
		};
		B64856B92330D3FE00788AEF /* Build configuration list for PBXNativeTarget "CommentDemo" */ = {
			isa = XCConfigurationList;
			buildConfigurations = (
				B64856BA2330D3FE00788AEF /* Debug */,
				B64856BB2330D3FE00788AEF /* Release */,
			);
			defaultConfigurationIsVisible = 0;
			defaultConfigurationName = Release;
		};
/* End XCConfigurationList section */
	};
	rootObject = B648569B2330D3FC00788AEF /* Project object */;
}
